
Microsoft Visual Studio Solution File, Format Version 12.00
# Visual Studio 15
VisualStudioVersion = 15.0.28307.329
MinimumVisualStudioVersion = 10.0.40219.1
Project("{FAE04EC0-301F-11D3-BF4B-00C04F79EFBC}") = "JoachimControlORM.Console", "JoachimControlORM.Console\JoachimControlORM.Console.csproj", "{83187F5B-F8AD-4620-89D6-76F64CC894F8}"
EndProject
Project("{FAE04EC0-301F-11D3-BF4B-00C04F79EFBC}") = "JoachimControlORM.ORM", "JoachimControlORM.ORM\JoachimControlORM.ORM.csproj", "{EECDA66B-D433-4C5F-8BDD-3A177B9E388B}"
EndProject
Global
	GlobalSection(SolutionConfigurationPlatforms) = preSolution
		Debug|Any CPU = Debug|Any CPU
		Release|Any CPU = Release|Any CPU
	EndGlobalSection
	GlobalSection(ProjectConfigurationPlatforms) = postSolution
		{83187F5B-F8AD-4620-89D6-76F64CC894F8}.Debug|Any CPU.ActiveCfg = Debug|Any CPU
		{83187F5B-F8AD-4620-89D6-76F64CC894F8}.Debug|Any CPU.Build.0 = Debug|Any CPU
		{83187F5B-F8AD-4620-89D6-76F64CC894F8}.Release|Any CPU.ActiveCfg = Release|Any CPU
		{83187F5B-F8AD-4620-89D6-76F64CC894F8}.Release|Any CPU.Build.0 = Release|Any CPU
		{EECDA66B-D433-4C5F-8BDD-3A177B9E388B}.Debug|Any CPU.ActiveCfg = Debug|Any CPU
		{EECDA66B-D433-4C5F-8BDD-3A177B9E388B}.Debug|Any CPU.Build.0 = Debug|Any CPU
		{EECDA66B-D433-4C5F-8BDD-3A177B9E388B}.Release|Any CPU.ActiveCfg = Release|Any CPU
		{EECDA66B-D433-4C5F-8BDD-3A177B9E388B}.Release|Any CPU.Build.0 = Release|Any CPU
	EndGlobalSection
	GlobalSection(SolutionProperties) = preSolution
		HideSolutionNode = FALSE
	EndGlobalSection
	GlobalSection(ExtensibilityGlobals) = postSolution
		SolutionGuid = {91ADC7BE-267F-4BA2-93DE-1282F4D6B677}
	EndGlobalSection
EndGlobal
